{
  "requires": true,
  "lockfileVersion": 1,
  "dependencies": {
    "@angular/language-service": {
      "version": "9.1.0",
      "resolved": "https://registry.npmjs.org/@angular/language-service/-/language-service-9.1.0.tgz",
      "integrity": "sha512-2f8ECoXrj40oS1rtIfi+F8T4WPzundcZDs8WMFNBuWYbk14v1S9sTgMEmZyePHGkPjt6IfYiLJKJCvVgrt1nxQ=="
    }
  }
}
